
Microsoft Visual Studio Solution File, Format Version 12.00
# Visual Studio Version 16
VisualStudioVersion = 16.0.31605.320
MinimumVisualStudioVersion = 10.0.40219.1
Project("{FAE04EC0-301F-11D3-BF4B-00C04F79EFBC}") = "NebulaSpammer", "NebulaSpammer.csproj", "{093C93EF-A213-45F9-A113-6B70DDE6F1BC}"
EndProject
Global
	GlobalSection(SolutionConfigurationPlatforms) = preSolution
		Debug|Any CPU = Debug|Any CPU
		Release|Any CPU = Release|Any CPU
	EndGlobalSection
	GlobalSection(ProjectConfigurationPlatforms) = postSolution
		{093C93EF-A213-45F9-A113-6B70DDE6F1BC}.Debug|Any CPU.ActiveCfg = Debug|Any CPU
		{093C93EF-A213-45F9-A113-6B70DDE6F1BC}.Debug|Any CPU.Build.0 = Debug|Any CPU
		{093C93EF-A213-45F9-A113-6B70DDE6F1BC}.Release|Any CPU.ActiveCfg = Release|Any CPU
		{093C93EF-A213-45F9-A113-6B70DDE6F1BC}.Release|Any CPU.Build.0 = Release|Any CPU
	EndGlobalSection
	GlobalSection(SolutionProperties) = preSolution
		HideSolutionNode = FALSE
	EndGlobalSection
	GlobalSection(ExtensibilityGlobals) = postSolution
		SolutionGuid = {D322AAD6-FCDA-4E49-A85E-ADDA81CDCAE8}
	EndGlobalSection
EndGlobal
